// !$*UTF8*$!
{
	archiveVersion = 1;
	classes = {
	};
	objectVersion = 55;
	objects = {

/* Begin PBXBuildFile section */
		04959805283C3D650013F873 /* shamanApp.swift in Sources */ = {isa = PBXBuildFile; fileRef = 04959804283C3D650013F873 /* shamanApp.swift */; };
		04959807283C3D650013F873 /* ContentView.swift in Sources */ = {isa = PBXBuildFile; fileRef = 04959806283C3D650013F873 /* ContentView.swift */; };
		04959809283C3D660013F873 /* Assets.xcassets in Resources */ = {isa = PBXBuildFile; fileRef = 04959808283C3D660013F873 /* Assets.xcassets */; };
		0495980C283C3D660013F873 /* Preview Assets.xcassets in Resources */ = {isa = PBXBuildFile; fileRef = 0495980B283C3D660013F873 /* Preview Assets.xcassets */; };
		04959816283C3D660013F873 /* shamanTests.swift in Sources */ = {isa = PBXBuildFile; fileRef = 04959815283C3D660013F873 /* shamanTests.swift */; };
		04959820283C3D660013F873 /* shamanUITests.swift in Sources */ = {isa = PBXBuildFile; fileRef = 0495981F283C3D660013F873 /* shamanUITests.swift */; };
		04959822283C3D660013F873 /* shamanUITestsLaunchTests.swift in Sources */ = {isa = PBXBuildFile; fileRef = 04959821283C3D660013F873 /* shamanUITestsLaunchTests.swift */; };
		0495982F283C3DD00013F873 /* MapView.swift in Sources */ = {isa = PBXBuildFile; fileRef = 0495982E283C3DD00013F873 /* MapView.swift */; };
		04959831283C3E210013F873 /* CirclePict.swift in Sources */ = {isa = PBXBuildFile; fileRef = 04959830283C3E210013F873 /* CirclePict.swift */; };
/* End PBXBuildFile section */

/* Begin PBXContainerItemProxy section */
		04959812283C3D660013F873 /* PBXContainerItemProxy */ = {
			isa = PBXContainerItemProxy;
			containerPortal = 049597F9283C3D650013F873 /* Project object */;
			proxyType = 1;
			remoteGlobalIDString = 04959800283C3D650013F873;
			remoteInfo = shaman;
		};
		0495981C283C3D660013F873 /* PBXContainerItemProxy */ = {
			isa = PBXContainerItemProxy;
			containerPortal = 049597F9283C3D650013F873 /* Project object */;
			proxyType = 1;
			remoteGlobalIDString = 04959800283C3D650013F873;
			remoteInfo = shaman;
		};
/* End PBXContainerItemProxy section */

/* Begin PBXFileReference section */
		04959801283C3D650013F873 /* shaman.app */ = {isa = PBXFileReference; explicitFileType = wrapper.application; includeInIndex = 0; path = shaman.app; sourceTree = BUILT_PRODUCTS_DIR; };
		04959804283C3D650013F873 /* shamanApp.swift */ = {isa = PBXFileReference; lastKnownFileType = sourcecode.swift; path = shamanApp.swift; sourceTree = "<group>"; };
		04959806283C3D650013F873 /* ContentView.swift */ = {isa = PBXFileReference; lastKnownFileType = sourcecode.swift; path = ContentView.swift; sourceTree = "<group>"; };
		04959808283C3D660013F873 /* Assets.xcassets */ = {isa = PBXFileReference; lastKnownFileType = folder.assetcatalog; path = Assets.xcassets; sourceTree = "<group>"; };
		0495980B283C3D660013F873 /* Preview Assets.xcassets */ = {isa = PBXFileReference; lastKnownFileType = folder.assetcatalog; path = "Preview Assets.xcassets"; sourceTree = "<group>"; };
		04959811283C3D660013F873 /* shamanTests.xctest */ = {isa = PBXFileReference; explicitFileType = wrapper.cfbundle; includeInIndex = 0; path = shamanTests.xctest; sourceTree = BUILT_PRODUCTS_DIR; };
		04959815283C3D660013F873 /* shamanTests.swift */ = {isa = PBXFileReference; lastKnownFileType = sourcecode.swift; path = shamanTests.swift; sourceTree = "<group>"; };
		0495981B283C3D660013F873 /* shamanUITests.xctest */ = {isa = PBXFileReference; explicitFileType = wrapper.cfbundle; includeInIndex = 0; path = shamanUITests.xctest; sourceTree = BUILT_PRODUCTS_DIR; };
		0495981F283C3D660013F873 /* shamanUITests.swift */ = {isa = PBXFileReference; lastKnownFileType = sourcecode.swift; path = shamanUITests.swift; sourceTree = "<group>"; };
		04959821283C3D660013F873 /* shamanUITestsLaunchTests.swift */ = {isa = PBXFileReference; lastKnownFileType = sourcecode.swift; path = shamanUITestsLaunchTests.swift; sourceTree = "<group>"; };
		0495982E283C3DD00013F873 /* MapView.swift */ = {isa = PBXFileReference; lastKnownFileType = sourcecode.swift; path = MapView.swift; sourceTree = "<group>"; };
		04959830283C3E210013F873 /* CirclePict.swift */ = {isa = PBXFileReference; lastKnownFileType = sourcecode.swift; path = CirclePict.swift; sourceTree = "<group>"; };
/* End PBXFileReference section */

/* Begin PBXFrameworksBuildPhase section */
		049597FE283C3D650013F873 /* Frameworks */ = {
			isa = PBXFrameworksBuildPhase;
			buildActionMask = 2147483647;
			files = (
			);
			runOnlyForDeploymentPostprocessing = 0;
		};
		0495980E283C3D660013F873 /* Frameworks */ = {
			isa = PBXFrameworksBuildPhase;
			buildActionMask = 2147483647;
			files = (
			);
			runOnlyForDeploymentPostprocessing = 0;
		};
		04959818283C3D660013F873 /* Frameworks */ = {
			isa = PBXFrameworksBuildPhase;
			buildActionMask = 2147483647;
			files = (
			);
			runOnlyForDeploymentPostprocessing = 0;
		};
/* End PBXFrameworksBuildPhase section */

/* Begin PBXGroup section */
		049597F8283C3D650013F873 = {
			isa = PBXGroup;
			children = (
				04959803283C3D650013F873 /* shaman */,
				04959814283C3D660013F873 /* shamanTests */,
				0495981E283C3D660013F873 /* shamanUITests */,
				04959802283C3D650013F873 /* Products */,
			);
			sourceTree = "<group>";
		};
		04959802283C3D650013F873 /* Products */ = {
			isa = PBXGroup;
			children = (
				04959801283C3D650013F873 /* shaman.app */,
				04959811283C3D660013F873 /* shamanTests.xctest */,
				0495981B283C3D660013F873 /* shamanUITests.xctest */,
			);
			name = Products;
			sourceTree = "<group>";
		};
		04959803283C3D650013F873 /* shaman */ = {
			isa = PBXGroup;
			children = (
				04959804283C3D650013F873 /* shamanApp.swift */,
				04959806283C3D650013F873 /* ContentView.swift */,
				04959830283C3E210013F873 /* CirclePict.swift */,
				0495982E283C3DD00013F873 /* MapView.swift */,
				04959808283C3D660013F873 /* Assets.xcassets */,
				0495980A283C3D660013F873 /* Preview Content */,
			);
			path = shaman;
			sourceTree = "<group>";
		};
		0495980A283C3D660013F873 /* Preview Content */ = {
			isa = PBXGroup;
			children = (
				0495980B283C3D660013F873 /* Preview Assets.xcassets */,
			);
			path = "Preview Content";
			sourceTree = "<group>";
		};
		04959814283C3D660013F873 /* shamanTests */ = {
			isa = PBXGroup;
			children = (
				04959815283C3D660013F873 /* shamanTests.swift */,
			);
			path = shamanTests;
			sourceTree = "<group>";
		};
		0495981E283C3D660013F873 /* shamanUITests */ = {
			isa = PBXGroup;
			children = (
				0495981F283C3D660013F873 /* shamanUITests.swift */,
				04959821283C3D660013F873 /* shamanUITestsLaunchTests.swift */,
			);
			path = shamanUITests;
			sourceTree = "<group>";
		};
/* End PBXGroup section */

/* Begin PBXNativeTarget section */
		04959800283C3D650013F873 /* shaman */ = {
			isa = PBXNativeTarget;
			buildConfigurationList = 04959825283C3D660013F873 /* Build configuration list for PBXNativeTarget "shaman" */;
			buildPhases = (
				049597FD283C3D650013F873 /* Sources */,
				049597FE283C3D650013F873 /* Frameworks */,
				049597FF283C3D650013F873 /* Resources */,
			);
			buildRules = (
			);
			dependencies = (
			);
			name = shaman;
			productName = shaman;
			productReference = 04959801283C3D650013F873 /* shaman.app */;
			productType = "com.apple.product-type.application";
		};
		04959810283C3D660013F873 /* shamanTests */ = {
			isa = PBXNativeTarget;
			buildConfigurationList = 04959828283C3D660013F873 /* Build configuration list for PBXNativeTarget "shamanTests" */;
			buildPhases = (
				0495980D283C3D660013F873 /* Sources */,
				0495980E283C3D660013F873 /* Frameworks */,
				0495980F283C3D660013F873 /* Resources */,
			);
			buildRules = (
			);
			dependencies = (
				04959813283C3D660013F873 /* PBXTargetDependency */,
			);
			name = shamanTests;
			productName = shamanTests;
			productReference = 04959811283C3D660013F873 /* shamanTests.xctest */;
			productType = "com.apple.product-type.bundle.unit-test";
		};
		0495981A283C3D660013F873 /* shamanUITests */ = {
			isa = PBXNativeTarget;
			buildConfigurationList = 0495982B283C3D660013F873 /* Build configuration list for PBXNativeTarget "shamanUITests" */;
			buildPhases = (
				04959817283C3D660013F873 /* Sources */,
				04959818283C3D660013F873 /* Frameworks */,
				04959819283C3D660013F873 /* Resources */,
			);
			buildRules = (
			);
			dependencies = (
				0495981D283C3D660013F873 /* PBXTargetDependency */,
			);
			name = shamanUITests;
			productName = shamanUITests;
			productReference = 0495981B283C3D660013F873 /* shamanUITests.xctest */;
			productType = "com.apple.product-type.bundle.ui-testing";
		};
/* End PBXNativeTarget section */

/* Begin PBXProject section */
		049597F9283C3D650013F873 /* Project object */ = {
			isa = PBXProject;
			attributes = {
				BuildIndependentTargetsInParallel = 1;
				LastSwiftUpdateCheck = 1320;
				LastUpgradeCheck = 1320;
				TargetAttributes = {
					04959800283C3D650013F873 = {
						CreatedOnToolsVersion = 13.2.1;
					};
					04959810283C3D660013F873 = {
						CreatedOnToolsVersion = 13.2.1;
						TestTargetID = 04959800283C3D650013F873;
					};
					0495981A283C3D660013F873 = {
						CreatedOnToolsVersion = 13.2.1;
						TestTargetID = 04959800283C3D650013F873;
					};
				};
			};
			buildConfigurationList = 049597FC283C3D650013F873 /* Build configuration list for PBXProject "shaman" */;
			compatibilityVersion = "Xcode 13.0";
			developmentRegion = en;
			hasScannedForEncodings = 0;
			knownRegions = (
				en,
				Base,
			);
			mainGroup = 049597F8283C3D650013F873;
			productRefGroup = 04959802283C3D650013F873 /* Products */;
			projectDirPath = "";
			projectRoot = "";
			targets = (
				04959800283C3D650013F873 /* shaman */,
				04959810283C3D660013F873 /* shamanTests */,
				0495981A283C3D660013F873 /* shamanUITests */,
			);
		};
/* End PBXProject section */

/* Begin PBXResourcesBuildPhase section */
		049597FF283C3D650013F873 /* Resources */ = {
			isa = PBXResourcesBuildPhase;
			buildActionMask = 2147483647;
			files = (
				0495980C283C3D660013F873 /* Preview Assets.xcassets in Resources */,
				04959809283C3D660013F873 /* Assets.xcassets in Resources */,
			);
			runOnlyForDeploymentPostprocessing = 0;
		};
		0495980F283C3D660013F873 /* Resources */ = {
			isa = PBXResourcesBuildPhase;
			buildActionMask = 2147483647;
			files = (
			);
			runOnlyForDeploymentPostprocessing = 0;
		};
		04959819283C3D660013F873 /* Resources */ = {
			isa = PBXResourcesBuildPhase;
			buildActionMask = 2147483647;
			files = (
			);
			runOnlyForDeploymentPostprocessing = 0;
		};
/* End PBXResourcesBuildPhase section */

/* Begin PBXSourcesBuildPhase section */
		049597FD283C3D650013F873 /* Sources */ = {
			isa = PBXSourcesBuildPhase;
			buildActionMask = 2147483647;
			files = (
				04959807283C3D650013F873 /* ContentView.swift in Sources */,
				04959831283C3E210013F873 /* CirclePict.swift in Sources */,
				0495982F283C3DD00013F873 /* MapView.swift in Sources */,
				04959805283C3D650013F873 /* shamanApp.swift in Sources */,
			);
			runOnlyForDeploymentPostprocessing = 0;
		};
		0495980D283C3D660013F873 /* Sources */ = {
			isa = PBXSourcesBuildPhase;
			buildActionMask = 2147483647;
			files = (
				04959816283C3D660013F873 /* shamanTests.swift in Sources */,
			);
			runOnlyForDeploymentPostprocessing = 0;
		};
		04959817283C3D660013F873 /* Sources */ = {
			isa = PBXSourcesBuildPhase;
			buildActionMask = 2147483647;
			files = (
				04959822283C3D660013F873 /* shamanUITestsLaunchTests.swift in Sources */,
				04959820283C3D660013F873 /* shamanUITests.swift in Sources */,
			);
			runOnlyForDeploymentPostprocessing = 0;
		};
/* End PBXSourcesBuildPhase section */

/* Begin PBXTargetDependency section */
		04959813283C3D660013F873 /* PBXTargetDependency */ = {
			isa = PBXTargetDependency;
			target = 04959800283C3D650013F873 /* shaman */;
			targetProxy = 04959812283C3D660013F873 /* PBXContainerItemProxy */;
		};
		0495981D283C3D660013F873 /* PBXTargetDependency */ = {
			isa = PBXTargetDependency;
			target = 04959800283C3D650013F873 /* shaman */;
			targetProxy = 0495981C283C3D660013F873 /* PBXContainerItemProxy */;
		};
/* End PBXTargetDependency section */

/* Begin XCBuildConfiguration section */
		04959823283C3D660013F873 /* Debug */ = {
			isa = XCBuildConfiguration;
			buildSettings = {
				ALWAYS_SEARCH_USER_PATHS = NO;
				CLANG_ANALYZER_NONNULL = YES;
				CLANG_ANALYZER_NUMBER_OBJECT_CONVERSION = YES_AGGRESSIVE;
				CLANG_CXX_LANGUAGE_STANDARD = "gnu++17";
				CLANG_CXX_LIBRARY = "libc++";
				CLANG_ENABLE_MODULES = YES;
				CLANG_ENABLE_OBJC_ARC = YES;
				CLANG_ENABLE_OBJC_WEAK = YES;
				CLANG_WARN_BLOCK_CAPTURE_AUTORELEASING = YES;
				CLANG_WARN_BOOL_CONVERSION = YES;
				CLANG_WARN_COMMA = YES;
				CLANG_WARN_CONSTANT_CONVERSION = YES;
				CLANG_WARN_DEPRECATED_OBJC_IMPLEMENTATIONS = YES;
				CLANG_WARN_DIRECT_OBJC_ISA_USAGE = YES_ERROR;
				CLANG_WARN_DOCUMENTATION_COMMENTS = YES;
				CLANG_WARN_EMPTY_BODY = YES;
				CLANG_WARN_ENUM_CONVERSION = YES;
				CLANG_WARN_INFINITE_RECURSION = YES;
				CLANG_WARN_INT_CONVERSION = YES;
				CLANG_WARN_NON_LITERAL_NULL_CONVERSION = YES;
				CLANG_WARN_OBJC_IMPLICIT_RETAIN_SELF = YES;
				CLANG_WARN_OBJC_LITERAL_CONVERSION = YES;
				CLANG_WARN_OBJC_ROOT_CLASS = YES_ERROR;
				CLANG_WARN_QUOTED_INCLUDE_IN_FRAMEWORK_HEADER = YES;
				CLANG_WARN_RANGE_LOOP_ANALYSIS = YES;
				CLANG_WARN_STRICT_PROTOTYPES = YES;
				CLANG_WARN_SUSPICIOUS_MOVE = YES;
				CLANG_WARN_UNGUARDED_AVAILABILITY = YES_AGGRESSIVE;
				CLANG_WARN_UNREACHABLE_CODE = YES;
				CLANG_WARN__DUPLICATE_METHOD_MATCH = YES;
				COPY_PHASE_STRIP = NO;
				DEBUG_INFORMATION_FORMAT = dwarf;
				ENABLE_STRICT_OBJC_MSGSEND = YES;
				ENABLE_TESTABILITY = YES;
				GCC_C_LANGUAGE_STANDARD = gnu11;
				GCC_DYNAMIC_NO_PIC = NO;
				GCC_NO_COMMON_BLOCKS = YES;
				GCC_OPTIMIZATION_LEVEL = 0;
				GCC_PREPROCESSOR_DEFINITIONS = (
					"DEBUG=1",
					"$(inherited)",
				);
				GCC_WARN_64_TO_32_BIT_CONVERSION = YES;
				GCC_WARN_ABOUT_RETURN_TYPE = YES_ERROR;
				GCC_WARN_UNDECLARED_SELECTOR = YES;
				GCC_WARN_UNINITIALIZED_AUTOS = YES_AGGRESSIVE;
				GCC_WARN_UNUSED_FUNCTION = YES;
				GCC_WARN_UNUSED_VARIABLE = YES;
				IPHONEOS_DEPLOYMENT_TARGET = 15.2;
				MTL_ENABLE_DEBUG_INFO = INCLUDE_SOURCE;
				MTL_FAST_MATH = YES;
				ONLY_ACTIVE_ARCH = YES;
				SDKROOT = iphoneos;
				SWIFT_ACTIVE_COMPILATION_CONDITIONS = DEBUG;
				SWIFT_OPTIMIZATION_LEVEL = "-Onone";
			};
			name = Debug;
		};
		04959824283C3D660013F873 /* Release */ = {
			isa = XCBuildConfiguration;
			buildSettings = {
				ALWAYS_SEARCH_USER_PATHS = NO;
				CLANG_ANALYZER_NONNULL = YES;
				CLANG_ANALYZER_NUMBER_OBJECT_CONVERSION = YES_AGGRESSIVE;
				CLANG_CXX_LANGUAGE_STANDARD = "gnu++17";
				CLANG_CXX_LIBRARY = "libc++";
				CLANG_ENABLE_MODULES = YES;
				CLANG_ENABLE_OBJC_ARC = YES;
				CLANG_ENABLE_OBJC_WEAK = YES;
				CLANG_WARN_BLOCK_CAPTURE_AUTORELEASING = YES;
				CLANG_WARN_BOOL_CONVERSION = YES;
				CLANG_WARN_COMMA = YES;
				CLANG_WARN_CONSTANT_CONVERSION = YES;
				CLANG_WARN_DEPRECATED_OBJC_IMPLEMENTATIONS = YES;
				CLANG_WARN_DIRECT_OBJC_ISA_USAGE = YES_ERROR;
				CLANG_WARN_DOCUMENTATION_COMMENTS = YES;
				CLANG_WARN_EMPTY_BODY = YES;
				CLANG_WARN_ENUM_CONVERSION = YES;
				CLANG_WARN_INFINITE_RECURSION = YES;
				CLANG_WARN_INT_CONVERSION = YES;
				CLANG_WARN_NON_LITERAL_NULL_CONVERSION = YES;
				CLANG_WARN_OBJC_IMPLICIT_RETAIN_SELF = YES;
				CLANG_WARN_OBJC_LITERAL_CONVERSION = YES;
				CLANG_WARN_OBJC_ROOT_CLASS = YES_ERROR;
				CLANG_WARN_QUOTED_INCLUDE_IN_FRAMEWORK_HEADER = YES;
				CLANG_WARN_RANGE_LOOP_ANALYSIS = YES;
				CLANG_WARN_STRICT_PROTOTYPES = YES;
				CLANG_WARN_SUSPICIOUS_MOVE = YES;
				CLANG_WARN_UNGUARDED_AVAILABILITY = YES_AGGRESSIVE;
				CLANG_WARN_UNREACHABLE_CODE = YES;
				CLANG_WARN__DUPLICATE_METHOD_MATCH = YES;
				COPY_PHASE_STRIP = NO;
				DEBUG_INFORMATION_FORMAT = "dwarf-with-dsym";
				ENABLE_NS_ASSERTIONS = NO;
				ENABLE_STRICT_OBJC_MSGSEND = YES;
				GCC_C_LANGUAGE_STANDARD = gnu11;
				GCC_NO_COMMON_BLOCKS = YES;
				GCC_WARN_64_TO_32_BIT_CONVERSION = YES;
				GCC_WARN_ABOUT_RETURN_TYPE = YES_ERROR;
				GCC_WARN_UNDECLARED_SELECTOR = YES;
				GCC_WARN_UNINITIALIZED_AUTOS = YES_AGGRESSIVE;
				GCC_WARN_UNUSED_FUNCTION = YES;
				GCC_WARN_UNUSED_VARIABLE = YES;
				IPHONEOS_DEPLOYMENT_TARGET = 15.2;
				MTL_ENABLE_DEBUG_INFO = NO;
				MTL_FAST_MATH = YES;
				SDKROOT = iphoneos;
				SWIFT_COMPILATION_MODE = wholemodule;
				SWIFT_OPTIMIZATION_LEVEL = "-O";
				VALIDATE_PRODUCT = YES;
			};
			name = Release;
		};
		04959826283C3D660013F873 /* Debug */ = {
			isa = XCBuildConfiguration;
			buildSettings = {
				ASSETCATALOG_COMPILER_APPICON_NAME = AppIcon;
				ASSETCATALOG_COMPILER_GLOBAL_ACCENT_COLOR_NAME = AccentColor;
				CODE_SIGN_STYLE = Automatic;
				CURRENT_PROJECT_VERSION = 1;
				DEVELOPMENT_ASSET_PATHS = "\"shaman/Preview Content\"";
				ENABLE_PREVIEWS = YES;
				GENERATE_INFOPLIST_FILE = YES;
				INFOPLIST_KEY_UIApplicationSceneManifest_Generation = YES;
				INFOPLIST_KEY_UIApplicationSupportsIndirectInputEvents = YES;
				INFOPLIST_KEY_UILaunchScreen_Generation = YES;
				INFOPLIST_KEY_UISupportedInterfaceOrientations_iPad = "UIInterfaceOrientationPortrait UIInterfaceOrientationPortraitUpsideDown UIInterfaceOrientationLandscapeLeft UIInterfaceOrientationLandscapeRight";
				INFOPLIST_KEY_UISupportedInterfaceOrientations_iPhone = "UIInterfaceOrientationPortrait UIInterfaceOrientationLandscapeLeft UIInterfaceOrientationLandscapeRight";
				LD_RUNPATH_SEARCH_PATHS = (
					"$(inherited)",
					"@executable_path/Frameworks",
				);
				MARKETING_VERSION = 1.0;
				PRODUCT_BUNDLE_IDENTIFIER = com.selyandaru.0706012010030.shaman;
				PRODUCT_NAME = "$(TARGET_NAME)";
				SWIFT_EMIT_LOC_STRINGS = YES;
				SWIFT_VERSION = 5.0;
				TARGETED_DEVICE_FAMILY = "1,2";
			};
			name = Debug;
		};
		04959827283C3D660013F873 /* Release */ = {
			isa = XCBuildConfiguration;
			buildSettings = {
				ASSETCATALOG_COMPILER_APPICON_NAME = AppIcon;
				ASSETCATALOG_COMPILER_GLOBAL_ACCENT_COLOR_NAME = AccentColor;
				CODE_SIGN_STYLE = Automatic;
				CURRENT_PROJECT_VERSION = 1;
				DEVELOPMENT_ASSET_PATHS = "\"shaman/Preview Content\"";
				ENABLE_PREVIEWS = YES;
				GENERATE_INFOPLIST_FILE = YES;
				INFOPLIST_KEY_UIApplicationSceneManifest_Generation = YES;
				INFOPLIST_KEY_UIApplicationSupportsIndirectInputEvents = YES;
				INFOPLIST_KEY_UILaunchScreen_Generation = YES;
				INFOPLIST_KEY_UISupportedInterfaceOrientations_iPad = "UIInterfaceOrientationPortrait UIInterfaceOrientationPortraitUpsideDown UIInterfaceOrientationLandscapeLeft UIInterfaceOrientationLandscapeRight";
				INFOPLIST_KEY_UISupportedInterfaceOrientations_iPhone = "UIInterfaceOrientationPortrait UIInterfaceOrientationLandscapeLeft UIInterfaceOrientationLandscapeRight";
				LD_RUNPATH_SEARCH_PATHS = (
					"$(inherited)",
					"@executable_path/Frameworks",
				);
				MARKETING_VERSION = 1.0;
				PRODUCT_BUNDLE_IDENTIFIER = com.selyandaru.0706012010030.shaman;
				PRODUCT_NAME = "$(TARGET_NAME)";
				SWIFT_EMIT_LOC_STRINGS = YES;
				SWIFT_VERSION = 5.0;
				TARGETED_DEVICE_FAMILY = "1,2";
			};
			name = Release;
		};
		04959829283C3D660013F873 /* Debug */ = {
			isa = XCBuildConfiguration;
			buildSettings = {
				ALWAYS_EMBED_SWIFT_STANDARD_LIBRARIES = YES;
				BUNDLE_LOADER = "$(TEST_HOST)";
				CODE_SIGN_STYLE = Automatic;
				CURRENT_PROJECT_VERSION = 1;
				GENERATE_INFOPLIST_FILE = YES;
				IPHONEOS_DEPLOYMENT_TARGET = 15.2;
				MARKETING_VERSION = 1.0;
				PRODUCT_BUNDLE_IDENTIFIER = com.selyandaru.0706012010030.shamanTests;
				PRODUCT_NAME = "$(TARGET_NAME)";
				SWIFT_EMIT_LOC_STRINGS = NO;
				SWIFT_VERSION = 5.0;
				TARGETED_DEVICE_FAMILY = "1,2";
				TEST_HOST = "$(BUILT_PRODUCTS_DIR)/shaman.app/shaman";
			};
			name = Debug;
		};
		0495982A283C3D660013F873 /* Release */ = {
			isa = XCBuildConfiguration;
			buildSettings = {
				ALWAYS_EMBED_SWIFT_STANDARD_LIBRARIES = YES;
				BUNDLE_LOADER = "$(TEST_HOST)";
				CODE_SIGN_STYLE = Automatic;
				CURRENT_PROJECT_VERSION = 1;
				GENERATE_INFOPLIST_FILE = YES;
				IPHONEOS_DEPLOYMENT_TARGET = 15.2;
				MARKETING_VERSION = 1.0;
				PRODUCT_BUNDLE_IDENTIFIER = com.selyandaru.0706012010030.shamanTests;
				PRODUCT_NAME = "$(TARGET_NAME)";
				SWIFT_EMIT_LOC_STRINGS = NO;
				SWIFT_VERSION = 5.0;
				TARGETED_DEVICE_FAMILY = "1,2";
				TEST_HOST = "$(BUILT_PRODUCTS_DIR)/shaman.app/shaman";
			};
			name = Release;
		};
		0495982C283C3D660013F873 /* Debug */ = {
			isa = XCBuildConfiguration;
			buildSettings = {
				ALWAYS_EMBED_SWIFT_STANDARD_LIBRARIES = YES;
				CODE_SIGN_STYLE = Automatic;
				CURRENT_PROJECT_VERSION = 1;
				GENERATE_INFOPLIST_FILE = YES;
				MARKETING_VERSION = 1.0;
				PRODUCT_BUNDLE_IDENTIFIER = com.selyandaru.0706012010030.shamanUITests;
				PRODUCT_NAME = "$(TARGET_NAME)";
				SWIFT_EMIT_LOC_STRINGS = NO;
				SWIFT_VERSION = 5.0;
				TARGETED_DEVICE_FAMILY = "1,2";
				TEST_TARGET_NAME = shaman;
			};
			name = Debug;
		};
		0495982D283C3D660013F873 /* Release */ = {
			isa = XCBuildConfiguration;
			buildSettings = {
				ALWAYS_EMBED_SWIFT_STANDARD_LIBRARIES = YES;
				CODE_SIGN_STYLE = Automatic;
				CURRENT_PROJECT_VERSION = 1;
				GENERATE_INFOPLIST_FILE = YES;
				MARKETING_VERSION = 1.0;
				PRODUCT_BUNDLE_IDENTIFIER = com.selyandaru.0706012010030.shamanUITests;
				PRODUCT_NAME = "$(TARGET_NAME)";
				SWIFT_EMIT_LOC_STRINGS = NO;
				SWIFT_VERSION = 5.0;
				TARGETED_DEVICE_FAMILY = "1,2";
				TEST_TARGET_NAME = shaman;
			};
			name = Release;
		};
/* End XCBuildConfiguration section */

/* Begin XCConfigurationList section */
		049597FC283C3D650013F873 /* Build configuration list for PBXProject "shaman" */ = {
			isa = XCConfigurationList;
			buildConfigurations = (
				04959823283C3D660013F873 /* Debug */,
				04959824283C3D660013F873 /* Release */,
			);
			defaultConfigurationIsVisible = 0;
			defaultConfigurationName = Release;
		};
		04959825283C3D660013F873 /* Build configuration list for PBXNativeTarget "shaman" */ = {
			isa = XCConfigurationList;
			buildConfigurations = (
				04959826283C3D660013F873 /* Debug */,
				04959827283C3D660013F873 /* Release */,
			);
			defaultConfigurationIsVisible = 0;
			defaultConfigurationName = Release;
		};
		04959828283C3D660013F873 /* Build configuration list for PBXNativeTarget "shamanTests" */ = {
			isa = XCConfigurationList;
			buildConfigurations = (
				04959829283C3D660013F873 /* Debug */,
				0495982A283C3D660013F873 /* Release */,
			);
			defaultConfigurationIsVisible = 0;
			defaultConfigurationName = Release;
		};
		0495982B283C3D660013F873 /* Build configuration list for PBXNativeTarget "shamanUITests" */ = {
			isa = XCConfigurationList;
			buildConfigurations = (
				0495982C283C3D660013F873 /* Debug */,
				0495982D283C3D660013F873 /* Release */,
			);
			defaultConfigurationIsVisible = 0;
			defaultConfigurationName = Release;
		};
/* End XCConfigurationList section */
	};
	rootObject = 049597F9283C3D650013F873 /* Project object */;
}
